<?xml version="1.0" encoding="utf-8"?>
<Project ToolsVersion="4.0" xmlns="http://schemas.microsoft.com/developer/msbuild/2003">
  <ItemGroup>
    <Filter Include="Source Files">
      <UniqueIdentifier>{8b0bf624-3ee7-4b38-8bb0-35e5d11aaf1e}</UniqueIdentifier>
      <Extensions>cpp;c;cxx;rc;def;r;odl;idl;hpj;bat</Extensions>
    </Filter>
    <Filter Include="Header Files">
      <UniqueIdentifier>{182ef08e-3087-446d-94a7-b667981e46ac}</UniqueIdentifier>
      <Extensions>h;hpp;hxx;hm;inl</Extensions>
    </Filter>
    <Filter Include="Resource Files">
      <UniqueIdentifier>{f3ebb1d2-3d19-4cd7-860b-d33bf5c06dd7}</UniqueIdentifier>
      <Extensions>ico;cur;bmp;dlg;rc2;rct;bin;rgs;gif;jpg;jpeg;jpe</Extensions>
    </Filter>
    <Filter Include="doc">
      <UniqueIdentifier>{ee04fde9-d6fa-403b-9762-2f56bf841c38}</UniqueIdentifier>
    </Filter>
    <Filter Include="data">
      <UniqueIdentifier>{0f016a9d-978a-4780-8f1a-566b4a170a45}</UniqueIdentifier>
    </Filter>
    <Filter Include="scmlib">
      <UniqueIdentifier>{7d0a07cb-2cfb-4b75-906a-c0a1d0b766f0}</UniqueIdentifier>
      <Extensions>scm</Extensions>
    </Filter>
  </ItemGroup>
  <ItemGroup>
    <ClCompile Include="AcceleratorDlg.cpp">
      <Filter>Source Files</Filter>
    </ClCompile>
    <ClCompile Include="ColorGridWnd.cpp">
      <Filter>Source Files</Filter>
    </ClCompile>
    <ClCompile Include="CommonUtil.cpp">
      <Filter>Source Files</Filter>
    </ClCompile>
    <ClCompile Include="EditorOptionFullScreen.cpp">
      <Filter>Source Files</Filter>
    </ClCompile>
    <ClCompile Include="EditorOptionPage.cpp">
      <Filter>Source Files</Filter>
    </ClCompile>
    <ClCompile Include="EditorOptionPage2.cpp">
      <Filter>Source Files</Filter>
    </ClCompile>
    <ClCompile Include="..\..\common\ExtFileDialog.cpp">
      <Filter>Source Files</Filter>
    </ClCompile>
    <ClCompile Include="..\..\common\greputil.cpp">
      <Filter>Source Files</Filter>
    </ClCompile>
    <ClCompile Include="..\..\common\kbmacro.cpp">
      <Filter>Source Files</Filter>
    </ClCompile>
    <ClCompile Include="LineJumpDlg.cpp">
      <Filter>Source Files</Filter>
    </ClCompile>
    <ClCompile Include="MainFrm.cpp">
      <Filter>Source Files</Filter>
    </ClCompile>
    <ClCompile Include="oedit.cpp">
      <Filter>Source Files</Filter>
    </ClCompile>
    <ClCompile Include="..\..\common_editor\oeditapp2.cpp">
      <Filter>Source Files</Filter>
    </ClCompile>
    <ClCompile Include="oeditDoc.cpp">
      <Filter>Source Files</Filter>
    </ClCompile>
    <ClCompile Include="oeditView.cpp">
      <Filter>Source Files</Filter>
    </ClCompile>
    <ClCompile Include="OptionSheet.cpp">
      <Filter>Source Files</Filter>
    </ClCompile>
    <ClCompile Include="PrintDlg.cpp">
      <Filter>Source Files</Filter>
    </ClCompile>
    <ClCompile Include="..\..\common_editor\ReplaceDlg.cpp">
      <Filter>Source Files</Filter>
    </ClCompile>
    <ClCompile Include="..\..\common\scm_macro.cpp">
      <Filter>Source Files</Filter>
    </ClCompile>
    <ClCompile Include="..\..\common\scm_macro_common.cpp">
      <Filter>Source Files</Filter>
    </ClCompile>
    <ClCompile Include="..\..\common_editor\SearchDlg.cpp">
      <Filter>Source Files</Filter>
    </ClCompile>
    <ClCompile Include="SelectColorDlg.cpp">
      <Filter>Source Files</Filter>
    </ClCompile>
    <ClCompile Include="SetupPage.cpp">
      <Filter>Source Files</Filter>
    </ClCompile>
    <ClCompile Include="SetupPage2.cpp">
      <Filter>Source Files</Filter>
    </ClCompile>
    <ClCompile Include="ShareData.cpp">
      <Filter>Source Files</Filter>
    </ClCompile>
    <ClCompile Include="StdAfx.cpp">
      <Filter>Source Files</Filter>
    </ClCompile>
    <ClCompile Include="..\..\common\TagJumpCommon.cpp">
      <Filter>Source Files</Filter>
    </ClCompile>
    <ClCompile Include="..\..\common_editor\FilterDlg.cpp">
      <Filter>Source Files</Filter>
    </ClCompile>
    <ClCompile Include="..\..\common\AccelListIniFile.cpp">
      <Filter>Source Files</Filter>
    </ClCompile>
    <ClCompile Include="..\..\common_editor\FileBookMarkDlg.cpp">
      <Filter>Source Files</Filter>
    </ClCompile>
  </ItemGroup>
  <ItemGroup>
    <ResourceCompile Include="oedit.rc">
      <Filter>Source Files</Filter>
    </ResourceCompile>
  </ItemGroup>
  <ItemGroup>
    <ClInclude Include="AcceleratorDlg.h">
      <Filter>Header Files</Filter>
    </ClInclude>
    <ClInclude Include="ColorGridWnd.h">
      <Filter>Header Files</Filter>
    </ClInclude>
    <ClInclude Include="command_list.h">
      <Filter>Header Files</Filter>
    </ClInclude>
    <ClInclude Include="CommonUtil.h">
      <Filter>Header Files</Filter>
    </ClInclude>
    <ClInclude Include="default_accel.h">
      <Filter>Header Files</Filter>
    </ClInclude>
    <ClInclude Include="EditorOptionFullScreen.h">
      <Filter>Header Files</Filter>
    </ClInclude>
    <ClInclude Include="EditorOptionPage.h">
      <Filter>Header Files</Filter>
    </ClInclude>
    <ClInclude Include="EditorOptionPage2.h">
      <Filter>Header Files</Filter>
    </ClInclude>
    <ClInclude Include="..\..\common\ExtFileDialog.h">
      <Filter>Header Files</Filter>
    </ClInclude>
    <ClInclude Include="global.h">
      <Filter>Header Files</Filter>
    </ClInclude>
    <ClInclude Include="..\..\common\greputil.h">
      <Filter>Header Files</Filter>
    </ClInclude>
    <ClInclude Include="..\..\common\kbmacro.h">
      <Filter>Header Files</Filter>
    </ClInclude>
    <ClInclude Include="LineJumpDlg.h">
      <Filter>Header Files</Filter>
    </ClInclude>
    <ClInclude Include="MainFrm.h">
      <Filter>Header Files</Filter>
    </ClInclude>
    <ClInclude Include="oedit.h">
      <Filter>Header Files</Filter>
    </ClInclude>
    <ClInclude Include="oeditDoc.h">
      <Filter>Header Files</Filter>
    </ClInclude>
    <ClInclude Include="oeditView.h">
      <Filter>Header Files</Filter>
    </ClInclude>
    <ClInclude Include="OptionSheet.h">
      <Filter>Header Files</Filter>
    </ClInclude>
    <ClInclude Include="PrintDlg.h">
      <Filter>Header Files</Filter>
    </ClInclude>
    <ClInclude Include="..\..\common_editor\ReplaceDlg.h">
      <Filter>Header Files</Filter>
    </ClInclude>
    <ClInclude Include="Resource.h">
      <Filter>Header Files</Filter>
    </ClInclude>
    <ClInclude Include="..\..\common\scm_macro.h">
      <Filter>Header Files</Filter>
    </ClInclude>
    <ClInclude Include="..\..\common\scm_macro_common.h">
      <Filter>Header Files</Filter>
    </ClInclude>
    <ClInclude Include="..\..\common_editor\SearchDlg.h">
      <Filter>Header Files</Filter>
    </ClInclude>
    <ClInclude Include="..\..\common_editor\SearchDlgData.h">
      <Filter>Header Files</Filter>
    </ClInclude>
    <ClInclude Include="SelectColorDlg.h">
      <Filter>Header Files</Filter>
    </ClInclude>
    <ClInclude Include="SetupPage.h">
      <Filter>Header Files</Filter>
    </ClInclude>
    <ClInclude Include="SetupPage2.h">
      <Filter>Header Files</Filter>
    </ClInclude>
    <ClInclude Include="ShareData.h">
      <Filter>Header Files</Filter>
    </ClInclude>
    <ClInclude Include="StdAfx.h">
      <Filter>Header Files</Filter>
    </ClInclude>
    <ClInclude Include="..\..\common\TagJumpCommon.h">
      <Filter>Header Files</Filter>
    </ClInclude>
    <ClInclude Include="..\..\common_editor\FilterDlg.h">
      <Filter>Header Files</Filter>
    </ClInclude>
    <ClInclude Include="..\..\common\AccelList.h">
      <Filter>Header Files</Filter>
    </ClInclude>
    <ClInclude Include="..\..\common_editor\FileBookMarkDlg.h">
      <Filter>Header Files</Filter>
    </ClInclude>
  </ItemGroup>
  <ItemGroup>
    <Image Include="res\idr_main.ico">
      <Filter>Resource Files</Filter>
    </Image>
    <Image Include="res\mainfram.bmp">
      <Filter>Resource Files</Filter>
    </Image>
    <Image Include="res\oeditDoc.ico">
      <Filter>Resource Files</Filter>
    </Image>
    <Image Include="res\Toolbar.bmp">
      <Filter>Resource Files</Filter>
    </Image>
    <Image Include="res\toolbar1.bmp">
      <Filter>Resource Files</Filter>
    </Image>
    <Image Include="res\toolbar1_256.bmp">
      <Filter>Resource Files</Filter>
    </Image>
  </ItemGroup>
  <ItemGroup>
    <Text Include="..\doc\keyword.txt">
      <Filter>doc</Filter>
    </Text>
    <Text Include="..\doc\languages.txt">
      <Filter>doc</Filter>
    </Text>
    <Text Include="..\doc\macro_oedit.txt">
      <Filter>doc</Filter>
    </Text>
    <Text Include="..\..\..\libs\common_doc\macro_ref.txt">
      <Filter>doc</Filter>
    </Text>
    <Text Include="..\doc\option.txt">
      <Filter>doc</Filter>
    </Text>
    <Text Include="..\..\..\libs\common_doc\regexp.txt">
      <Filter>doc</Filter>
    </Text>
    <Text Include="..\doc\shortcutkey.txt">
      <Filter>doc</Filter>
    </Text>
    <Text Include="..\data\cpp.txt">
      <Filter>data</Filter>
    </Text>
    <Text Include="..\data\html.txt">
      <Filter>data</Filter>
    </Text>
    <Text Include="..\data\java.txt">
      <Filter>data</Filter>
    </Text>
    <Text Include="..\data\languages_default.txt">
      <Filter>data</Filter>
    </Text>
    <Text Include="..\data\perl.txt">
      <Filter>data</Filter>
    </Text>
    <Text Include="..\data\scm.txt">
      <Filter>data</Filter>
    </Text>
    <Text Include="..\data\sql.txt">
      <Filter>data</Filter>
    </Text>
    <Text Include="..\data\text.txt">
      <Filter>data</Filter>
    </Text>
    <Text Include="ChangeLog.txt" />
    <Text Include="..\doc\credits.txt">
      <Filter>doc</Filter>
    </Text>
    <Text Include="..\doc\LICENSE_CSizingControlBar.txt.txt">
      <Filter>doc</Filter>
    </Text>
    <Text Include="..\doc\LICENSE_TINYSCHEME.txt">
      <Filter>doc</Filter>
    </Text>
    <Text Include="..\doc\LICENSE_MINISCHEME.txt">
      <Filter>doc</Filter>
    </Text>
    <Text Include="..\doc\LICENSE_PostgreSQL.txt">
      <Filter>doc</Filter>
    </Text>
    <Text Include="..\doc\LICENSE_BSD.txt">
      <Filter>doc</Filter>
    </Text>
  </ItemGroup>
  <ItemGroup>
    <CustomBuild Include="res\cursor1.cur">
      <Filter>Resource Files</Filter>
    </CustomBuild>
    <CustomBuild Include="res\oedit.rc2">
      <Filter>Resource Files</Filter>
    </CustomBuild>
    <CustomBuild Include="res\spoit_cu.cur">
      <Filter>Resource Files</Filter>
    </CustomBuild>
    <CustomBuild Include="..\data\cpp.cfg">
      <Filter>data</Filter>
    </CustomBuild>
    <CustomBuild Include="..\data\html.cfg">
      <Filter>data</Filter>
    </CustomBuild>
    <CustomBuild Include="..\data\java.cfg">
      <Filter>data</Filter>
    </CustomBuild>
    <CustomBuild Include="..\data\perl.cfg">
      <Filter>data</Filter>
    </CustomBuild>
    <CustomBuild Include="..\data\scm.cfg">
      <Filter>data</Filter>
    </CustomBuild>
    <CustomBuild Include="..\data\sql.cfg">
      <Filter>data</Filter>
    </CustomBuild>
    <CustomBuild Include="..\data\text.cfg">
      <Filter>data</Filter>
    </CustomBuild>
    <CustomBuild Include="..\..\..\libs\common_scmlib\init.scm">
      <Filter>scmlib</Filter>
    </CustomBuild>
    <CustomBuild Include="..\scmlib\oedit.scm">
      <Filter>scmlib</Filter>
    </CustomBuild>
    <CustomBuild Include="..\..\..\libs\common_scmlib\srfi-11.scm">
      <Filter>scmlib</Filter>
    </CustomBuild>
  </ItemGroup>
</Project>